
Microsoft Visual Studio Solution File, Format Version 12.00
# Visual Studio 14
VisualStudioVersion = 14.0.25420.1
MinimumVisualStudioVersion = 10.0.40219.1
Project("{FAE04EC0-301F-11D3-BF4B-00C04F79EFBC}") = "Loja.Dominio", "Loja.Dominio\Loja.Dominio.csproj", "{34A704E2-F297-4DEB-B63E-4885ADD12588}"
EndProject
Project("{FAE04EC0-301F-11D3-BF4B-00C04F79EFBC}") = "Loja.Mvc", "Loja.Mvc\Loja.Mvc.csproj", "{11C4C6D2-5C34-41BA-9F2A-1F5643088DC9}"
EndProject
Project("{FAE04EC0-301F-11D3-BF4B-00C04F79EFBC}") = "Loja.Repositorios.SqlServer.EF", "Loja.Repositorios.SqlServer.EF\Loja.Repositorios.SqlServer.EF.csproj", "{3CF1E0B2-8B77-4989-A55F-F79679840979}"
EndProject
Project("{2150E333-8FDC-42A3-9474-1A3956D46DE8}") = "Loja", "Loja", "{FAAE51B8-9BEE-4223-99B5-AC53D3A52233}"
EndProject
Project("{2150E333-8FDC-42A3-9474-1A3956D46DE8}") = "Empresa", "Empresa", "{BBD56BD0-2325-424D-8B23-9B82C0B9F8A8}"
EndProject
Project("{8BB2217D-0F2D-49D1-97BC-3654ED321F3B}") = "Empresa.Dominio", "Empresa.Dominio\Empresa.Dominio.xproj", "{0F0F4A38-C818-410D-AC1D-0EA0E97B099A}"
EndProject
Project("{8BB2217D-0F2D-49D1-97BC-3654ED321F3B}") = "Empresa.Repositorio.SqlServer", "Empresa.Repositorio.SqlServer\Empresa.Repositorio.SqlServer.xproj", "{FAA043E8-1AEE-4933-AC2F-90CBF90AF741}"
EndProject
Project("{8BB2217D-0F2D-49D1-97BC-3654ED321F3B}") = "Empresa.Mvc", "Empresa.Mvc\Empresa.Mvc.xproj", "{D15D03EC-789B-4FB5-8D20-770BE0A534C5}"
EndProject
Project("{2150E333-8FDC-42A3-9474-1A3956D46DE8}") = "Login", "Login", "{AA8E774F-A75C-488B-B4F7-C625C2687631}"
EndProject
Project("{FAE04EC0-301F-11D3-BF4B-00C04F79EFBC}") = "Login.Mvc", "Login.Mvc\Login.Mvc.csproj", "{3F718ED7-99EA-498E-B41B-34A2032B55C3}"
EndProject
Project("{FAE04EC0-301F-11D3-BF4B-00C04F79EFBC}") = "Lojas.Resources", "Lojas.Resources\Lojas.Resources.csproj", "{6B4A2E22-343C-43C3-B996-058815A76192}"
EndProject
Project("{FAE04EC0-301F-11D3-BF4B-00C04F79EFBC}") = "Loja.DominioTests", "Loja.DominioTests\Loja.DominioTests.csproj", "{7928C120-FE68-46AE-922E-C4DBA72F172B}"
EndProject
Project("{2150E333-8FDC-42A3-9474-1A3956D46DE8}") = "Poker", "Poker", "{957D9B15-89B6-42EE-A149-4BDC2636EE84}"
EndProject
Project("{FAE04EC0-301F-11D3-BF4B-00C04F79EFBC}") = "Poker.Dominio", "Poker\Poker.Dominio\Poker.Dominio.csproj", "{B3C80BB0-92F1-44D0-838E-E0414893EDC5}"
EndProject
Project("{FAE04EC0-301F-11D3-BF4B-00C04F79EFBC}") = "Poker.DominioTests", "Poker\Poker.DominioTests\Poker.DominioTests.csproj", "{17B0A667-632F-4042-824A-D4879CBAA0E5}"
EndProject
Global
	GlobalSection(SolutionConfigurationPlatforms) = preSolution
		Debug|Any CPU = Debug|Any CPU
		Release|Any CPU = Release|Any CPU
	EndGlobalSection
	GlobalSection(ProjectConfigurationPlatforms) = postSolution
		{34A704E2-F297-4DEB-B63E-4885ADD12588}.Debug|Any CPU.ActiveCfg = Debug|Any CPU
		{34A704E2-F297-4DEB-B63E-4885ADD12588}.Debug|Any CPU.Build.0 = Debug|Any CPU
		{34A704E2-F297-4DEB-B63E-4885ADD12588}.Release|Any CPU.ActiveCfg = Release|Any CPU
		{34A704E2-F297-4DEB-B63E-4885ADD12588}.Release|Any CPU.Build.0 = Release|Any CPU
		{11C4C6D2-5C34-41BA-9F2A-1F5643088DC9}.Debug|Any CPU.ActiveCfg = Debug|Any CPU
		{11C4C6D2-5C34-41BA-9F2A-1F5643088DC9}.Debug|Any CPU.Build.0 = Debug|Any CPU
		{11C4C6D2-5C34-41BA-9F2A-1F5643088DC9}.Release|Any CPU.ActiveCfg = Release|Any CPU
		{11C4C6D2-5C34-41BA-9F2A-1F5643088DC9}.Release|Any CPU.Build.0 = Release|Any CPU
		{3CF1E0B2-8B77-4989-A55F-F79679840979}.Debug|Any CPU.ActiveCfg = Debug|Any CPU
		{3CF1E0B2-8B77-4989-A55F-F79679840979}.Debug|Any CPU.Build.0 = Debug|Any CPU
		{3CF1E0B2-8B77-4989-A55F-F79679840979}.Release|Any CPU.ActiveCfg = Release|Any CPU
		{3CF1E0B2-8B77-4989-A55F-F79679840979}.Release|Any CPU.Build.0 = Release|Any CPU
		{0F0F4A38-C818-410D-AC1D-0EA0E97B099A}.Debug|Any CPU.ActiveCfg = Debug|Any CPU
		{0F0F4A38-C818-410D-AC1D-0EA0E97B099A}.Debug|Any CPU.Build.0 = Debug|Any CPU
		{0F0F4A38-C818-410D-AC1D-0EA0E97B099A}.Release|Any CPU.ActiveCfg = Release|Any CPU
		{0F0F4A38-C818-410D-AC1D-0EA0E97B099A}.Release|Any CPU.Build.0 = Release|Any CPU
		{FAA043E8-1AEE-4933-AC2F-90CBF90AF741}.Debug|Any CPU.ActiveCfg = Debug|Any CPU
		{FAA043E8-1AEE-4933-AC2F-90CBF90AF741}.Debug|Any CPU.Build.0 = Debug|Any CPU
		{FAA043E8-1AEE-4933-AC2F-90CBF90AF741}.Release|Any CPU.ActiveCfg = Release|Any CPU
		{FAA043E8-1AEE-4933-AC2F-90CBF90AF741}.Release|Any CPU.Build.0 = Release|Any CPU
		{D15D03EC-789B-4FB5-8D20-770BE0A534C5}.Debug|Any CPU.ActiveCfg = Debug|Any CPU
		{D15D03EC-789B-4FB5-8D20-770BE0A534C5}.Debug|Any CPU.Build.0 = Debug|Any CPU
		{D15D03EC-789B-4FB5-8D20-770BE0A534C5}.Release|Any CPU.ActiveCfg = Release|Any CPU
		{D15D03EC-789B-4FB5-8D20-770BE0A534C5}.Release|Any CPU.Build.0 = Release|Any CPU
		{3F718ED7-99EA-498E-B41B-34A2032B55C3}.Debug|Any CPU.ActiveCfg = Debug|Any CPU
		{3F718ED7-99EA-498E-B41B-34A2032B55C3}.Debug|Any CPU.Build.0 = Debug|Any CPU
		{3F718ED7-99EA-498E-B41B-34A2032B55C3}.Release|Any CPU.ActiveCfg = Release|Any CPU
		{3F718ED7-99EA-498E-B41B-34A2032B55C3}.Release|Any CPU.Build.0 = Release|Any CPU
		{6B4A2E22-343C-43C3-B996-058815A76192}.Debug|Any CPU.ActiveCfg = Debug|Any CPU
		{6B4A2E22-343C-43C3-B996-058815A76192}.Debug|Any CPU.Build.0 = Debug|Any CPU
		{6B4A2E22-343C-43C3-B996-058815A76192}.Release|Any CPU.ActiveCfg = Release|Any CPU
		{6B4A2E22-343C-43C3-B996-058815A76192}.Release|Any CPU.Build.0 = Release|Any CPU
		{7928C120-FE68-46AE-922E-C4DBA72F172B}.Debug|Any CPU.ActiveCfg = Debug|Any CPU
		{7928C120-FE68-46AE-922E-C4DBA72F172B}.Debug|Any CPU.Build.0 = Debug|Any CPU
		{7928C120-FE68-46AE-922E-C4DBA72F172B}.Release|Any CPU.ActiveCfg = Release|Any CPU
		{7928C120-FE68-46AE-922E-C4DBA72F172B}.Release|Any CPU.Build.0 = Release|Any CPU
		{B3C80BB0-92F1-44D0-838E-E0414893EDC5}.Debug|Any CPU.ActiveCfg = Debug|Any CPU
		{B3C80BB0-92F1-44D0-838E-E0414893EDC5}.Debug|Any CPU.Build.0 = Debug|Any CPU
		{B3C80BB0-92F1-44D0-838E-E0414893EDC5}.Release|Any CPU.ActiveCfg = Release|Any CPU
		{B3C80BB0-92F1-44D0-838E-E0414893EDC5}.Release|Any CPU.Build.0 = Release|Any CPU
		{17B0A667-632F-4042-824A-D4879CBAA0E5}.Debug|Any CPU.ActiveCfg = Debug|Any CPU
		{17B0A667-632F-4042-824A-D4879CBAA0E5}.Debug|Any CPU.Build.0 = Debug|Any CPU
		{17B0A667-632F-4042-824A-D4879CBAA0E5}.Release|Any CPU.ActiveCfg = Release|Any CPU
		{17B0A667-632F-4042-824A-D4879CBAA0E5}.Release|Any CPU.Build.0 = Release|Any CPU
	EndGlobalSection
	GlobalSection(SolutionProperties) = preSolution
		HideSolutionNode = FALSE
	EndGlobalSection
	GlobalSection(NestedProjects) = preSolution
		{34A704E2-F297-4DEB-B63E-4885ADD12588} = {FAAE51B8-9BEE-4223-99B5-AC53D3A52233}
		{11C4C6D2-5C34-41BA-9F2A-1F5643088DC9} = {FAAE51B8-9BEE-4223-99B5-AC53D3A52233}
		{3CF1E0B2-8B77-4989-A55F-F79679840979} = {FAAE51B8-9BEE-4223-99B5-AC53D3A52233}
		{0F0F4A38-C818-410D-AC1D-0EA0E97B099A} = {BBD56BD0-2325-424D-8B23-9B82C0B9F8A8}
		{FAA043E8-1AEE-4933-AC2F-90CBF90AF741} = {BBD56BD0-2325-424D-8B23-9B82C0B9F8A8}
		{D15D03EC-789B-4FB5-8D20-770BE0A534C5} = {BBD56BD0-2325-424D-8B23-9B82C0B9F8A8}
		{3F718ED7-99EA-498E-B41B-34A2032B55C3} = {AA8E774F-A75C-488B-B4F7-C625C2687631}
		{6B4A2E22-343C-43C3-B996-058815A76192} = {FAAE51B8-9BEE-4223-99B5-AC53D3A52233}
		{7928C120-FE68-46AE-922E-C4DBA72F172B} = {FAAE51B8-9BEE-4223-99B5-AC53D3A52233}
		{B3C80BB0-92F1-44D0-838E-E0414893EDC5} = {957D9B15-89B6-42EE-A149-4BDC2636EE84}
		{17B0A667-632F-4042-824A-D4879CBAA0E5} = {957D9B15-89B6-42EE-A149-4BDC2636EE84}
	EndGlobalSection
EndGlobal
